
Microsoft Visual Studio Solution File, Format Version 12.00
# Visual Studio Version 17
VisualStudioVersion = 17.14.36616.10
MinimumVisualStudioVersion = 10.0.40219.1
Project("{FAE04EC0-301F-11D3-BF4B-00C04F79EFBC}") = "Ticket-Based Request System", "Ticket-Based Request System\Ticket-Based Request System.csproj", "{484F8C4F-39A6-4CD0-826B-7FCE3D0013BD}"
EndProject
Global
	GlobalSection(SolutionConfigurationPlatforms) = preSolution
		Debug|Any CPU = Debug|Any CPU
		Release|Any CPU = Release|Any CPU
	EndGlobalSection
	GlobalSection(ProjectConfigurationPlatforms) = postSolution
		{484F8C4F-39A6-4CD0-826B-7FCE3D0013BD}.Debug|Any CPU.ActiveCfg = Debug|Any CPU
		{484F8C4F-39A6-4CD0-826B-7FCE3D0013BD}.Debug|Any CPU.Build.0 = Debug|Any CPU
		{484F8C4F-39A6-4CD0-826B-7FCE3D0013BD}.Release|Any CPU.ActiveCfg = Release|Any CPU
		{484F8C4F-39A6-4CD0-826B-7FCE3D0013BD}.Release|Any CPU.Build.0 = Release|Any CPU
	EndGlobalSection
	GlobalSection(SolutionProperties) = preSolution
		HideSolutionNode = FALSE
	EndGlobalSection
	GlobalSection(ExtensibilityGlobals) = postSolution
		SolutionGuid = {BCFFF51E-4339-497B-A513-48892AD15E57}
	EndGlobalSection
EndGlobal
